
Microsoft Visual Studio Solution File, Format Version 12.00
# Visual Studio Version 17
VisualStudioVersion = 17.14.36310.24
MinimumVisualStudioVersion = 10.0.40219.1
Project("{FAE04EC0-301F-11D3-BF4B-00C04F79EFBC}") = "presentacion", "presentacion\presentacion.csproj", "{4E73B99A-89B0-4E1F-B80C-59A1B1C6626C}"
EndProject
Project("{FAE04EC0-301F-11D3-BF4B-00C04F79EFBC}") = "AccesoDatos", "AccesoDatos\AccesoDatos.csproj", "{9385B57C-7704-44AB-B554-FF3EEF2E103F}"
EndProject
Project("{FAE04EC0-301F-11D3-BF4B-00C04F79EFBC}") = "helpers", "helpers\helpers.csproj", "{B9A3314B-71FF-4A79-982C-B5148DB7B9DB}"
EndProject
Project("{FAE04EC0-301F-11D3-BF4B-00C04F79EFBC}") = "dominioo", "dominioo\dominioo.csproj", "{C6CEF155-D485-49D9-ADEB-45811F086DFE}"
EndProject
Project("{FAE04EC0-301F-11D3-BF4B-00C04F79EFBC}") = "negocioo", "negocioo\negocioo.csproj", "{3AAB7F2A-62C1-41AC-ABB9-81045D676571}"
EndProject
Global
	GlobalSection(SolutionConfigurationPlatforms) = preSolution
		Debug|Any CPU = Debug|Any CPU
		Release|Any CPU = Release|Any CPU
	EndGlobalSection
	GlobalSection(ProjectConfigurationPlatforms) = postSolution
		{4E73B99A-89B0-4E1F-B80C-59A1B1C6626C}.Debug|Any CPU.ActiveCfg = Debug|Any CPU
		{4E73B99A-89B0-4E1F-B80C-59A1B1C6626C}.Debug|Any CPU.Build.0 = Debug|Any CPU
		{4E73B99A-89B0-4E1F-B80C-59A1B1C6626C}.Release|Any CPU.ActiveCfg = Release|Any CPU
		{4E73B99A-89B0-4E1F-B80C-59A1B1C6626C}.Release|Any CPU.Build.0 = Release|Any CPU
		{9385B57C-7704-44AB-B554-FF3EEF2E103F}.Debug|Any CPU.ActiveCfg = Debug|Any CPU
		{9385B57C-7704-44AB-B554-FF3EEF2E103F}.Debug|Any CPU.Build.0 = Debug|Any CPU
		{9385B57C-7704-44AB-B554-FF3EEF2E103F}.Release|Any CPU.ActiveCfg = Release|Any CPU
		{9385B57C-7704-44AB-B554-FF3EEF2E103F}.Release|Any CPU.Build.0 = Release|Any CPU
		{B9A3314B-71FF-4A79-982C-B5148DB7B9DB}.Debug|Any CPU.ActiveCfg = Debug|Any CPU
		{B9A3314B-71FF-4A79-982C-B5148DB7B9DB}.Debug|Any CPU.Build.0 = Debug|Any CPU
		{B9A3314B-71FF-4A79-982C-B5148DB7B9DB}.Release|Any CPU.ActiveCfg = Release|Any CPU
		{B9A3314B-71FF-4A79-982C-B5148DB7B9DB}.Release|Any CPU.Build.0 = Release|Any CPU
		{C6CEF155-D485-49D9-ADEB-45811F086DFE}.Debug|Any CPU.ActiveCfg = Debug|Any CPU
		{C6CEF155-D485-49D9-ADEB-45811F086DFE}.Debug|Any CPU.Build.0 = Debug|Any CPU
		{C6CEF155-D485-49D9-ADEB-45811F086DFE}.Release|Any CPU.ActiveCfg = Release|Any CPU
		{C6CEF155-D485-49D9-ADEB-45811F086DFE}.Release|Any CPU.Build.0 = Release|Any CPU
		{3AAB7F2A-62C1-41AC-ABB9-81045D676571}.Debug|Any CPU.ActiveCfg = Debug|Any CPU
		{3AAB7F2A-62C1-41AC-ABB9-81045D676571}.Debug|Any CPU.Build.0 = Debug|Any CPU
		{3AAB7F2A-62C1-41AC-ABB9-81045D676571}.Release|Any CPU.ActiveCfg = Release|Any CPU
		{3AAB7F2A-62C1-41AC-ABB9-81045D676571}.Release|Any CPU.Build.0 = Release|Any CPU
	EndGlobalSection
	GlobalSection(SolutionProperties) = preSolution
		HideSolutionNode = FALSE
	EndGlobalSection
	GlobalSection(ExtensibilityGlobals) = postSolution
		SolutionGuid = {C75AA16E-7658-4353-B2E4-ED72ED49045F}
	EndGlobalSection
EndGlobal
